
Microsoft Visual Studio Solution File, Format Version 12.00
# Visual Studio 15
VisualStudioVersion = 15.0.27703.2026
MinimumVisualStudioVersion = 10.0.40219.1
Project("{FAE04EC0-301F-11D3-BF4B-00C04F79EFBC}") = "BysykkelConsoleApp", "BysykkelConsoleApp\BysykkelConsoleApp.csproj", "{E693A668-1E39-480F-BEAD-FC7D738DEFAC}"
EndProject
Global
	GlobalSection(SolutionConfigurationPlatforms) = preSolution
		Debug|Any CPU = Debug|Any CPU
		Release|Any CPU = Release|Any CPU
	EndGlobalSection
	GlobalSection(ProjectConfigurationPlatforms) = postSolution
		{E693A668-1E39-480F-BEAD-FC7D738DEFAC}.Debug|Any CPU.ActiveCfg = Debug|Any CPU
		{E693A668-1E39-480F-BEAD-FC7D738DEFAC}.Debug|Any CPU.Build.0 = Debug|Any CPU
		{E693A668-1E39-480F-BEAD-FC7D738DEFAC}.Release|Any CPU.ActiveCfg = Release|Any CPU
		{E693A668-1E39-480F-BEAD-FC7D738DEFAC}.Release|Any CPU.Build.0 = Release|Any CPU
	EndGlobalSection
	GlobalSection(SolutionProperties) = preSolution
		HideSolutionNode = FALSE
	EndGlobalSection
	GlobalSection(ExtensibilityGlobals) = postSolution
		SolutionGuid = {962C9DBF-C9F5-4478-B633-D61BDD452BF6}
	EndGlobalSection
	GlobalSection(TeamFoundationVersionControl) = preSolution
		SccNumberOfProjects = 2
		SccEnterpriseProvider = {4CA58AB2-18FA-4F8D-95D4-32DDF27D184C}
		SccTeamFoundationServer = https://progger.visualstudio.com/
		SccLocalPath0 = .
		SccProjectUniqueName1 = BysykkelConsoleApp\\BysykkelConsoleApp.csproj
		SccProjectName1 = BysykkelConsoleApp
		SccLocalPath1 = BysykkelConsoleApp
	EndGlobalSection
EndGlobal
